
Microsoft Visual Studio Solution File, Format Version 12.00
# Visual Studio Version 17
VisualStudioVersion = 17.11.35327.3
MinimumVisualStudioVersion = 10.0.40219.1
Project("{FAE04EC0-301F-11D3-BF4B-00C04F79EFBC}") = "Coser_Fabiana_Lab2", "Coser_Fabiana_Lab2.csproj", "{C7FDACBA-0B62-45E6-B9A4-1B7CA99FDA5B}"
EndProject
Global
	GlobalSection(SolutionConfigurationPlatforms) = preSolution
		Debug|Any CPU = Debug|Any CPU
		Release|Any CPU = Release|Any CPU
	EndGlobalSection
	GlobalSection(ProjectConfigurationPlatforms) = postSolution
		{C7FDACBA-0B62-45E6-B9A4-1B7CA99FDA5B}.Debug|Any CPU.ActiveCfg = Debug|Any CPU
		{C7FDACBA-0B62-45E6-B9A4-1B7CA99FDA5B}.Debug|Any CPU.Build.0 = Debug|Any CPU
		{C7FDACBA-0B62-45E6-B9A4-1B7CA99FDA5B}.Release|Any CPU.ActiveCfg = Release|Any CPU
		{C7FDACBA-0B62-45E6-B9A4-1B7CA99FDA5B}.Release|Any CPU.Build.0 = Release|Any CPU
	EndGlobalSection
	GlobalSection(SolutionProperties) = preSolution
		HideSolutionNode = FALSE
	EndGlobalSection
	GlobalSection(ExtensibilityGlobals) = postSolution
		SolutionGuid = {F75EA9BA-1BC9-4E0D-A2AF-533B49F246B1}
	EndGlobalSection
EndGlobal
